{
  "originHash" : "869df6e8e97c64309ac929d83a81b2c8b2090f0d6c5490575147fe0d05aaf6f2",
  "pins" : [
    {
      "identity" : "agorartcengine_ios",
      "kind" : "remoteSourceControl",
      "location" : "https://github.com/AgoraIO/AgoraRtcEngine_iOS",
      "state" : {
        "revision" : "ff783e30c19deddf4ed66eaf78f8ad5d48dece54",
        "version" : "4.4.0"
      }
    }
  ],
  "version" : 3
}
